
Microsoft Visual Studio Solution File, Format Version 12.00
# Visual Studio Version 16
VisualStudioVersion = 16.0.30309.148
MinimumVisualStudioVersion = 10.0.40219.1
Project("{FAE04EC0-301F-11D3-BF4B-00C04F79EFBC}") = "5_6_Lab If Statement", "5_6_Lab If Statement.csproj", "{93732DBB-0512-4738-B43A-C768495E4E01}"
EndProject
Global
	GlobalSection(SolutionConfigurationPlatforms) = preSolution
		Debug|Any CPU = Debug|Any CPU
		Release|Any CPU = Release|Any CPU
	EndGlobalSection
	GlobalSection(ProjectConfigurationPlatforms) = postSolution
		{93732DBB-0512-4738-B43A-C768495E4E01}.Debug|Any CPU.ActiveCfg = Debug|Any CPU
		{93732DBB-0512-4738-B43A-C768495E4E01}.Debug|Any CPU.Build.0 = Debug|Any CPU
		{93732DBB-0512-4738-B43A-C768495E4E01}.Release|Any CPU.ActiveCfg = Release|Any CPU
		{93732DBB-0512-4738-B43A-C768495E4E01}.Release|Any CPU.Build.0 = Release|Any CPU
	EndGlobalSection
	GlobalSection(SolutionProperties) = preSolution
		HideSolutionNode = FALSE
	EndGlobalSection
	GlobalSection(ExtensibilityGlobals) = postSolution
		SolutionGuid = {AC317E52-DEB6-4CE3-8C52-83B2597DDDD4}
	EndGlobalSection
EndGlobal
